// !$*UTF8*$!
{
	archiveVersion = 1;
	classes = {
	};
	objectVersion = 48;
	objects = {

/* Begin PBXBuildFile section */
		1C1FB423206C2034003E0825 /* Lake Champlain.wav in Resources */ = {isa = PBXBuildFile; fileRef = 1C1FB422206C2034003E0825 /* Lake Champlain.wav */; };
		1C2DB4092067F204003CD090 /* AppDelegate.swift in Sources */ = {isa = PBXBuildFile; fileRef = 1C2DB4082067F204003CD090 /* AppDelegate.swift */; };
		1C2DB4102067F204003CD090 /* Main.storyboard in Resources */ = {isa = PBXBuildFile; fileRef = 1C2DB40E2067F204003CD090 /* Main.storyboard */; };
		1C2DB4122067F204003CD090 /* Assets.xcassets in Resources */ = {isa = PBXBuildFile; fileRef = 1C2DB4112067F204003CD090 /* Assets.xcassets */; };
		1C2DB4152067F204003CD090 /* LaunchScreen.storyboard in Resources */ = {isa = PBXBuildFile; fileRef = 1C2DB4132067F204003CD090 /* LaunchScreen.storyboard */; };
		1C2DB41F2067F3AF003CD090 /* TableViewController.swift in Sources */ = {isa = PBXBuildFile; fileRef = 1C2DB41E2067F3AF003CD090 /* TableViewController.swift */; };
		1C2DB4212067F757003CD090 /* LocationViewController.swift in Sources */ = {isa = PBXBuildFile; fileRef = 1C2DB4202067F757003CD090 /* LocationViewController.swift */; };
		1C2DB42320680AF3003CD090 /* TourViewController.swift in Sources */ = {isa = PBXBuildFile; fileRef = 1C2DB42220680AF3003CD090 /* TourViewController.swift */; };
		1C2DB42520680B09003CD090 /* TourTableViewController.swift in Sources */ = {isa = PBXBuildFile; fileRef = 1C2DB42420680B09003CD090 /* TourTableViewController.swift */; };
		1C2DB42A20681103003CD090 /* Lake Champlain.mp4 in Resources */ = {isa = PBXBuildFile; fileRef = 1C2DB42920681103003CD090 /* Lake Champlain.mp4 */; };
		1C2DB42C206811CA003CD090 /* Champlain College.mp4 in Resources */ = {isa = PBXBuildFile; fileRef = 1C2DB42B206811CA003CD090 /* Champlain College.mp4 */; };
		1C2DB42E206813AB003CD090 /* FavoriteTableViewController.swift in Sources */ = {isa = PBXBuildFile; fileRef = 1C2DB42D206813AB003CD090 /* FavoriteTableViewController.swift */; };
		1C2DB430206813C2003CD090 /* FavoriteViewController.swift in Sources */ = {isa = PBXBuildFile; fileRef = 1C2DB42F206813C2003CD090 /* FavoriteViewController.swift */; };
		1C2DB4462068230F003CD090 /* Item.swift in Sources */ = {isa = PBXBuildFile; fileRef = 1C2DB4422068230F003CD090 /* Item.swift */; };
		1C2DB4472068230F003CD090 /* ItemsViewController.swift in Sources */ = {isa = PBXBuildFile; fileRef = 1C2DB4432068230F003CD090 /* ItemsViewController.swift */; };
		1C2DB4482068230F003CD090 /* ItemStore.swift in Sources */ = {isa = PBXBuildFile; fileRef = 1C2DB4442068230F003CD090 /* ItemStore.swift */; };
		1C2DB4492068230F003CD090 /* ItemCell.swift in Sources */ = {isa = PBXBuildFile; fileRef = 1C2DB4452068230F003CD090 /* ItemCell.swift */; };
		1C2DB44B206827A4003CD090 /* DetailViewController.swift in Sources */ = {isa = PBXBuildFile; fileRef = 1C2DB44A206827A3003CD090 /* DetailViewController.swift */; };
/* End PBXBuildFile section */

/* Begin PBXFileReference section */
		1C1FB422206C2034003E0825 /* Lake Champlain.wav */ = {isa = PBXFileReference; lastKnownFileType = audio.wav; path = "Lake Champlain.wav"; sourceTree = "<group>"; };
		1C2DB4052067F204003CD090 /* burlington.app */ = {isa = PBXFileReference; explicitFileType = wrapper.application; includeInIndex = 0; path = burlington.app; sourceTree = BUILT_PRODUCTS_DIR; };
		1C2DB4082067F204003CD090 /* AppDelegate.swift */ = {isa = PBXFileReference; lastKnownFileType = sourcecode.swift; path = AppDelegate.swift; sourceTree = "<group>"; };
		1C2DB40F2067F204003CD090 /* Base */ = {isa = PBXFileReference; lastKnownFileType = file.storyboard; name = Base; path = Base.lproj/Main.storyboard; sourceTree = "<group>"; };
		1C2DB4112067F204003CD090 /* Assets.xcassets */ = {isa = PBXFileReference; lastKnownFileType = folder.assetcatalog; path = Assets.xcassets; sourceTree = "<group>"; };
		1C2DB4142067F204003CD090 /* Base */ = {isa = PBXFileReference; lastKnownFileType = file.storyboard; name = Base; path = Base.lproj/LaunchScreen.storyboard; sourceTree = "<group>"; };
		1C2DB4162067F204003CD090 /* Info.plist */ = {isa = PBXFileReference; lastKnownFileType = text.plist.xml; path = Info.plist; sourceTree = "<group>"; };
		1C2DB41E2067F3AF003CD090 /* TableViewController.swift */ = {isa = PBXFileReference; lastKnownFileType = sourcecode.swift; path = TableViewController.swift; sourceTree = "<group>"; };
		1C2DB4202067F757003CD090 /* LocationViewController.swift */ = {isa = PBXFileReference; lastKnownFileType = sourcecode.swift; path = LocationViewController.swift; sourceTree = "<group>"; };
		1C2DB42220680AF3003CD090 /* TourViewController.swift */ = {isa = PBXFileReference; lastKnownFileType = sourcecode.swift; path = TourViewController.swift; sourceTree = "<group>"; };
		1C2DB42420680B09003CD090 /* TourTableViewController.swift */ = {isa = PBXFileReference; lastKnownFileType = sourcecode.swift; path = TourTableViewController.swift; sourceTree = "<group>"; };
		1C2DB42920681103003CD090 /* Lake Champlain.mp4 */ = {isa = PBXFileReference; lastKnownFileType = file; path = "Lake Champlain.mp4"; sourceTree = "<group>"; };
		1C2DB42B206811CA003CD090 /* Champlain College.mp4 */ = {isa = PBXFileReference; lastKnownFileType = file; path = "Champlain College.mp4"; sourceTree = "<group>"; };
		1C2DB42D206813AB003CD090 /* FavoriteTableViewController.swift */ = {isa = PBXFileReference; lastKnownFileType = sourcecode.swift; path = FavoriteTableViewController.swift; sourceTree = "<group>"; };
		1C2DB42F206813C2003CD090 /* FavoriteViewController.swift */ = {isa = PBXFileReference; lastKnownFileType = sourcecode.swift; path = FavoriteViewController.swift; sourceTree = "<group>"; };
		1C2DB4422068230F003CD090 /* Item.swift */ = {isa = PBXFileReference; fileEncoding = 4; lastKnownFileType = sourcecode.swift; path = Item.swift; sourceTree = "<group>"; };
		1C2DB4432068230F003CD090 /* ItemsViewController.swift */ = {isa = PBXFileReference; fileEncoding = 4; lastKnownFileType = sourcecode.swift; path = ItemsViewController.swift; sourceTree = "<group>"; };
		1C2DB4442068230F003CD090 /* ItemStore.swift */ = {isa = PBXFileReference; fileEncoding = 4; lastKnownFileType = sourcecode.swift; path = ItemStore.swift; sourceTree = "<group>"; };
		1C2DB4452068230F003CD090 /* ItemCell.swift */ = {isa = PBXFileReference; fileEncoding = 4; lastKnownFileType = sourcecode.swift; path = ItemCell.swift; sourceTree = "<group>"; };
		1C2DB44A206827A3003CD090 /* DetailViewController.swift */ = {isa = PBXFileReference; fileEncoding = 4; lastKnownFileType = sourcecode.swift; path = DetailViewController.swift; sourceTree = "<group>"; };
/* End PBXFileReference section */

/* Begin PBXFrameworksBuildPhase section */
		1C2DB4022067F204003CD090 /* Frameworks */ = {
			isa = PBXFrameworksBuildPhase;
			buildActionMask = 2147483647;
			files = (
			);
			runOnlyForDeploymentPostprocessing = 0;
		};
/* End PBXFrameworksBuildPhase section */

/* Begin PBXGroup section */
		1C2DB3FC2067F204003CD090 = {
			isa = PBXGroup;
			children = (
				1C2DB4072067F204003CD090 /* burlington */,
				1C2DB4062067F204003CD090 /* Products */,
			);
			sourceTree = "<group>";
		};
		1C2DB4062067F204003CD090 /* Products */ = {
			isa = PBXGroup;
			children = (
				1C2DB4052067F204003CD090 /* burlington.app */,
			);
			name = Products;
			sourceTree = "<group>";
		};
		1C2DB4072067F204003CD090 /* burlington */ = {
			isa = PBXGroup;
			children = (
				1C2DB4082067F204003CD090 /* AppDelegate.swift */,
				1C2DB43D20681F8E003CD090 /* Locations */,
				1C2DB43E20681FA1003CD090 /* Tours */,
				1C2DB43F20681FB3003CD090 /* Favorites */,
				1C2DB44020681FBF003CD090 /* Notes */,
				1C2DB4112067F204003CD090 /* Assets.xcassets */,
				1C2DB40E2067F204003CD090 /* Main.storyboard */,
				1C2DB4132067F204003CD090 /* LaunchScreen.storyboard */,
				1C2DB4162067F204003CD090 /* Info.plist */,
				1C1FB422206C2034003E0825 /* Lake Champlain.wav */,
				1C2DB42920681103003CD090 /* Lake Champlain.mp4 */,
				1C2DB42B206811CA003CD090 /* Champlain College.mp4 */,
			);
			path = burlington;
			sourceTree = "<group>";
		};
		1C2DB43D20681F8E003CD090 /* Locations */ = {
			isa = PBXGroup;
			children = (
				1C2DB4202067F757003CD090 /* LocationViewController.swift */,
				1C2DB41E2067F3AF003CD090 /* TableViewController.swift */,
			);
			path = Locations;
			sourceTree = "<group>";
		};
		1C2DB43E20681FA1003CD090 /* Tours */ = {
			isa = PBXGroup;
			children = (
				1C2DB42420680B09003CD090 /* TourTableViewController.swift */,
				1C2DB42220680AF3003CD090 /* TourViewController.swift */,
			);
			path = Tours;
			sourceTree = "<group>";
		};
		1C2DB43F20681FB3003CD090 /* Favorites */ = {
			isa = PBXGroup;
			children = (
				1C2DB42D206813AB003CD090 /* FavoriteTableViewController.swift */,
				1C2DB42F206813C2003CD090 /* FavoriteViewController.swift */,
			);
			path = Favorites;
			sourceTree = "<group>";
		};
		1C2DB44020681FBF003CD090 /* Notes */ = {
			isa = PBXGroup;
			children = (
				1C2DB4422068230F003CD090 /* Item.swift */,
				1C2DB4452068230F003CD090 /* ItemCell.swift */,
				1C2DB4442068230F003CD090 /* ItemStore.swift */,
				1C2DB4432068230F003CD090 /* ItemsViewController.swift */,
				1C2DB44A206827A3003CD090 /* DetailViewController.swift */,
			);
			path = Notes;
			sourceTree = "<group>";
		};
/* End PBXGroup section */

/* Begin PBXNativeTarget section */
		1C2DB4042067F204003CD090 /* burlington */ = {
			isa = PBXNativeTarget;
			buildConfigurationList = 1C2DB4192067F204003CD090 /* Build configuration list for PBXNativeTarget "burlington" */;
			buildPhases = (
				1C2DB4012067F204003CD090 /* Sources */,
				1C2DB4022067F204003CD090 /* Frameworks */,
				1C2DB4032067F204003CD090 /* Resources */,
			);
			buildRules = (
			);
			dependencies = (
			);
			name = burlington;
			productName = burlington;
			productReference = 1C2DB4052067F204003CD090 /* burlington.app */;
			productType = "com.apple.product-type.application";
		};
/* End PBXNativeTarget section */

/* Begin PBXProject section */
		1C2DB3FD2067F204003CD090 /* Project object */ = {
			isa = PBXProject;
			attributes = {
				LastSwiftUpdateCheck = 0920;
				LastUpgradeCheck = 0920;
				ORGANIZATIONNAME = "Hart, Fletcher";
				TargetAttributes = {
					1C2DB4042067F204003CD090 = {
						CreatedOnToolsVersion = 9.2;
						ProvisioningStyle = Automatic;
					};
				};
			};
			buildConfigurationList = 1C2DB4002067F204003CD090 /* Build configuration list for PBXProject "burlington" */;
			compatibilityVersion = "Xcode 8.0";
			developmentRegion = en;
			hasScannedForEncodings = 0;
			knownRegions = (
				en,
				Base,
			);
			mainGroup = 1C2DB3FC2067F204003CD090;
			productRefGroup = 1C2DB4062067F204003CD090 /* Products */;
			projectDirPath = "";
			projectRoot = "";
			targets = (
				1C2DB4042067F204003CD090 /* burlington */,
			);
		};
/* End PBXProject section */

/* Begin PBXResourcesBuildPhase section */
		1C2DB4032067F204003CD090 /* Resources */ = {
			isa = PBXResourcesBuildPhase;
			buildActionMask = 2147483647;
			files = (
				1C1FB423206C2034003E0825 /* Lake Champlain.wav in Resources */,
				1C2DB4152067F204003CD090 /* LaunchScreen.storyboard in Resources */,
				1C2DB4122067F204003CD090 /* Assets.xcassets in Resources */,
				1C2DB4102067F204003CD090 /* Main.storyboard in Resources */,
				1C2DB42C206811CA003CD090 /* Champlain College.mp4 in Resources */,
				1C2DB42A20681103003CD090 /* Lake Champlain.mp4 in Resources */,
			);
			runOnlyForDeploymentPostprocessing = 0;
		};
/* End PBXResourcesBuildPhase section */

/* Begin PBXSourcesBuildPhase section */
		1C2DB4012067F204003CD090 /* Sources */ = {
			isa = PBXSourcesBuildPhase;
			buildActionMask = 2147483647;
			files = (
				1C2DB42320680AF3003CD090 /* TourViewController.swift in Sources */,
				1C2DB42520680B09003CD090 /* TourTableViewController.swift in Sources */,
				1C2DB4092067F204003CD090 /* AppDelegate.swift in Sources */,
				1C2DB44B206827A4003CD090 /* DetailViewController.swift in Sources */,
				1C2DB4492068230F003CD090 /* ItemCell.swift in Sources */,
				1C2DB41F2067F3AF003CD090 /* TableViewController.swift in Sources */,
				1C2DB4472068230F003CD090 /* ItemsViewController.swift in Sources */,
				1C2DB4462068230F003CD090 /* Item.swift in Sources */,
				1C2DB4212067F757003CD090 /* LocationViewController.swift in Sources */,
				1C2DB430206813C2003CD090 /* FavoriteViewController.swift in Sources */,
				1C2DB4482068230F003CD090 /* ItemStore.swift in Sources */,
				1C2DB42E206813AB003CD090 /* FavoriteTableViewController.swift in Sources */,
			);
			runOnlyForDeploymentPostprocessing = 0;
		};
/* End PBXSourcesBuildPhase section */

/* Begin PBXVariantGroup section */
		1C2DB40E2067F204003CD090 /* Main.storyboard */ = {
			isa = PBXVariantGroup;
			children = (
				1C2DB40F2067F204003CD090 /* Base */,
			);
			name = Main.storyboard;
			sourceTree = "<group>";
		};
		1C2DB4132067F204003CD090 /* LaunchScreen.storyboard */ = {
			isa = PBXVariantGroup;
			children = (
				1C2DB4142067F204003CD090 /* Base */,
			);
			name = LaunchScreen.storyboard;
			sourceTree = "<group>";
		};
/* End PBXVariantGroup section */

/* Begin XCBuildConfiguration section */
		1C2DB4172067F204003CD090 /* Debug */ = {
			isa = XCBuildConfiguration;
			buildSettings = {
				ALWAYS_SEARCH_USER_PATHS = NO;
				CLANG_ANALYZER_NONNULL = YES;
				CLANG_ANALYZER_NUMBER_OBJECT_CONVERSION = YES_AGGRESSIVE;
				CLANG_CXX_LANGUAGE_STANDARD = "gnu++14";
				CLANG_CXX_LIBRARY = "libc++";
				CLANG_ENABLE_MODULES = YES;
				CLANG_ENABLE_OBJC_ARC = YES;
				CLANG_WARN_BLOCK_CAPTURE_AUTORELEASING = YES;
				CLANG_WARN_BOOL_CONVERSION = YES;
				CLANG_WARN_COMMA = YES;
				CLANG_WARN_CONSTANT_CONVERSION = YES;
				CLANG_WARN_DIRECT_OBJC_ISA_USAGE = YES_ERROR;
				CLANG_WARN_DOCUMENTATION_COMMENTS = YES;
				CLANG_WARN_EMPTY_BODY = YES;
				CLANG_WARN_ENUM_CONVERSION = YES;
				CLANG_WARN_INFINITE_RECURSION = YES;
				CLANG_WARN_INT_CONVERSION = YES;
				CLANG_WARN_NON_LITERAL_NULL_CONVERSION = YES;
				CLANG_WARN_OBJC_LITERAL_CONVERSION = YES;
				CLANG_WARN_OBJC_ROOT_CLASS = YES_ERROR;
				CLANG_WARN_RANGE_LOOP_ANALYSIS = YES;
				CLANG_WARN_STRICT_PROTOTYPES = YES;
				CLANG_WARN_SUSPICIOUS_MOVE = YES;
				CLANG_WARN_UNGUARDED_AVAILABILITY = YES_AGGRESSIVE;
				CLANG_WARN_UNREACHABLE_CODE = YES;
				CLANG_WARN__DUPLICATE_METHOD_MATCH = YES;
				CODE_SIGN_IDENTITY = "iPhone Developer";
				COPY_PHASE_STRIP = NO;
				DEBUG_INFORMATION_FORMAT = dwarf;
				ENABLE_STRICT_OBJC_MSGSEND = YES;
				ENABLE_TESTABILITY = YES;
				GCC_C_LANGUAGE_STANDARD = gnu11;
				GCC_DYNAMIC_NO_PIC = NO;
				GCC_NO_COMMON_BLOCKS = YES;
				GCC_OPTIMIZATION_LEVEL = 0;
				GCC_PREPROCESSOR_DEFINITIONS = (
					"DEBUG=1",
					"$(inherited)",
				);
				GCC_WARN_64_TO_32_BIT_CONVERSION = YES;
				GCC_WARN_ABOUT_RETURN_TYPE = YES_ERROR;
				GCC_WARN_UNDECLARED_SELECTOR = YES;
				GCC_WARN_UNINITIALIZED_AUTOS = YES_AGGRESSIVE;
				GCC_WARN_UNUSED_FUNCTION = YES;
				GCC_WARN_UNUSED_VARIABLE = YES;
				IPHONEOS_DEPLOYMENT_TARGET = 11.2;
				MTL_ENABLE_DEBUG_INFO = YES;
				ONLY_ACTIVE_ARCH = YES;
				SDKROOT = iphoneos;
				SWIFT_ACTIVE_COMPILATION_CONDITIONS = DEBUG;
				SWIFT_OPTIMIZATION_LEVEL = "-Onone";
			};
			name = Debug;
		};
		1C2DB4182067F204003CD090 /* Release */ = {
			isa = XCBuildConfiguration;
			buildSettings = {
				ALWAYS_SEARCH_USER_PATHS = NO;
				CLANG_ANALYZER_NONNULL = YES;
				CLANG_ANALYZER_NUMBER_OBJECT_CONVERSION = YES_AGGRESSIVE;
				CLANG_CXX_LANGUAGE_STANDARD = "gnu++14";
				CLANG_CXX_LIBRARY = "libc++";
				CLANG_ENABLE_MODULES = YES;
				CLANG_ENABLE_OBJC_ARC = YES;
				CLANG_WARN_BLOCK_CAPTURE_AUTORELEASING = YES;
				CLANG_WARN_BOOL_CONVERSION = YES;
				CLANG_WARN_COMMA = YES;
				CLANG_WARN_CONSTANT_CONVERSION = YES;
				CLANG_WARN_DIRECT_OBJC_ISA_USAGE = YES_ERROR;
				CLANG_WARN_DOCUMENTATION_COMMENTS = YES;
				CLANG_WARN_EMPTY_BODY = YES;
				CLANG_WARN_ENUM_CONVERSION = YES;
				CLANG_WARN_INFINITE_RECURSION = YES;
				CLANG_WARN_INT_CONVERSION = YES;
				CLANG_WARN_NON_LITERAL_NULL_CONVERSION = YES;
				CLANG_WARN_OBJC_LITERAL_CONVERSION = YES;
				CLANG_WARN_OBJC_ROOT_CLASS = YES_ERROR;
				CLANG_WARN_RANGE_LOOP_ANALYSIS = YES;
				CLANG_WARN_STRICT_PROTOTYPES = YES;
				CLANG_WARN_SUSPICIOUS_MOVE = YES;
				CLANG_WARN_UNGUARDED_AVAILABILITY = YES_AGGRESSIVE;
				CLANG_WARN_UNREACHABLE_CODE = YES;
				CLANG_WARN__DUPLICATE_METHOD_MATCH = YES;
				CODE_SIGN_IDENTITY = "iPhone Developer";
				COPY_PHASE_STRIP = NO;
				DEBUG_INFORMATION_FORMAT = "dwarf-with-dsym";
				ENABLE_NS_ASSERTIONS = NO;
				ENABLE_STRICT_OBJC_MSGSEND = YES;
				GCC_C_LANGUAGE_STANDARD = gnu11;
				GCC_NO_COMMON_BLOCKS = YES;
				GCC_WARN_64_TO_32_BIT_CONVERSION = YES;
				GCC_WARN_ABOUT_RETURN_TYPE = YES_ERROR;
				GCC_WARN_UNDECLARED_SELECTOR = YES;
				GCC_WARN_UNINITIALIZED_AUTOS = YES_AGGRESSIVE;
				GCC_WARN_UNUSED_FUNCTION = YES;
				GCC_WARN_UNUSED_VARIABLE = YES;
				IPHONEOS_DEPLOYMENT_TARGET = 11.2;
				MTL_ENABLE_DEBUG_INFO = NO;
				SDKROOT = iphoneos;
				SWIFT_OPTIMIZATION_LEVEL = "-Owholemodule";
				VALIDATE_PRODUCT = YES;
			};
			name = Release;
		};
		1C2DB41A2067F204003CD090 /* Debug */ = {
			isa = XCBuildConfiguration;
			buildSettings = {
				ASSETCATALOG_COMPILER_APPICON_NAME = AppIcon;
				CODE_SIGN_STYLE = Automatic;
				INFOPLIST_FILE = burlington/Info.plist;
				LD_RUNPATH_SEARCH_PATHS = "$(inherited) @executable_path/Frameworks";
				PRODUCT_BUNDLE_IDENTIFIER = com.fletcher.burlington;
				PRODUCT_NAME = "$(TARGET_NAME)";
				SWIFT_VERSION = 4.0;
				TARGETED_DEVICE_FAMILY = "1,2";
			};
			name = Debug;
		};
		1C2DB41B2067F204003CD090 /* Release */ = {
			isa = XCBuildConfiguration;
			buildSettings = {
				ASSETCATALOG_COMPILER_APPICON_NAME = AppIcon;
				CODE_SIGN_STYLE = Automatic;
				INFOPLIST_FILE = burlington/Info.plist;
				LD_RUNPATH_SEARCH_PATHS = "$(inherited) @executable_path/Frameworks";
				PRODUCT_BUNDLE_IDENTIFIER = com.fletcher.burlington;
				PRODUCT_NAME = "$(TARGET_NAME)";
				SWIFT_VERSION = 4.0;
				TARGETED_DEVICE_FAMILY = "1,2";
			};
			name = Release;
		};
/* End XCBuildConfiguration section */

/* Begin XCConfigurationList section */
		1C2DB4002067F204003CD090 /* Build configuration list for PBXProject "burlington" */ = {
			isa = XCConfigurationList;
			buildConfigurations = (
				1C2DB4172067F204003CD090 /* Debug */,
				1C2DB4182067F204003CD090 /* Release */,
			);
			defaultConfigurationIsVisible = 0;
			defaultConfigurationName = Release;
		};
		1C2DB4192067F204003CD090 /* Build configuration list for PBXNativeTarget "burlington" */ = {
			isa = XCConfigurationList;
			buildConfigurations = (
				1C2DB41A2067F204003CD090 /* Debug */,
				1C2DB41B2067F204003CD090 /* Release */,
			);
			defaultConfigurationIsVisible = 0;
			defaultConfigurationName = Release;
		};
/* End XCConfigurationList section */
	};
	rootObject = 1C2DB3FD2067F204003CD090 /* Project object */;
}
